
Microsoft Visual Studio Solution File, Format Version 12.00
# Visual Studio Version 16
VisualStudioVersion = 16.0.29519.87
MinimumVisualStudioVersion = 10.0.40219.1
Project("{8BC9CEB8-8B4A-11D0-8D11-00A0C91BC942}") = "Question 1", "Homework 4\Homework 4.vcxproj", "{79889E53-A454-4E7E-8393-CCF1A3E6DDF9}"
EndProject
Project("{8BC9CEB8-8B4A-11D0-8D11-00A0C91BC942}") = "Question 2", "Question 2\Question 2.vcxproj", "{7F0E780C-1709-4AAC-A17E-37D992E86FC7}"
EndProject
Project("{8BC9CEB8-8B4A-11D0-8D11-00A0C91BC942}") = "Question 3", "Question 3\Question 3.vcxproj", "{D7C48931-472E-4E06-874A-F8D8584799FB}"
EndProject
Project("{8BC9CEB8-8B4A-11D0-8D11-00A0C91BC942}") = "Question 4", "Question 4\Question 4.vcxproj", "{E2ED36D9-EFE0-47B7-9337-4A0C14616FE6}"
EndProject
Global
	GlobalSection(SolutionConfigurationPlatforms) = preSolution
		Debug|x64 = Debug|x64
		Debug|x86 = Debug|x86
		Release|x64 = Release|x64
		Release|x86 = Release|x86
	EndGlobalSection
	GlobalSection(ProjectConfigurationPlatforms) = postSolution
		{79889E53-A454-4E7E-8393-CCF1A3E6DDF9}.Debug|x64.ActiveCfg = Debug|x64
		{79889E53-A454-4E7E-8393-CCF1A3E6DDF9}.Debug|x64.Build.0 = Debug|x64
		{79889E53-A454-4E7E-8393-CCF1A3E6DDF9}.Debug|x86.ActiveCfg = Debug|Win32
		{79889E53-A454-4E7E-8393-CCF1A3E6DDF9}.Debug|x86.Build.0 = Debug|Win32
		{79889E53-A454-4E7E-8393-CCF1A3E6DDF9}.Release|x64.ActiveCfg = Release|x64
		{79889E53-A454-4E7E-8393-CCF1A3E6DDF9}.Release|x64.Build.0 = Release|x64
		{79889E53-A454-4E7E-8393-CCF1A3E6DDF9}.Release|x86.ActiveCfg = Release|Win32
		{79889E53-A454-4E7E-8393-CCF1A3E6DDF9}.Release|x86.Build.0 = Release|Win32
		{7F0E780C-1709-4AAC-A17E-37D992E86FC7}.Debug|x64.ActiveCfg = Debug|x64
		{7F0E780C-1709-4AAC-A17E-37D992E86FC7}.Debug|x64.Build.0 = Debug|x64
		{7F0E780C-1709-4AAC-A17E-37D992E86FC7}.Debug|x86.ActiveCfg = Debug|Win32
		{7F0E780C-1709-4AAC-A17E-37D992E86FC7}.Debug|x86.Build.0 = Debug|Win32
		{7F0E780C-1709-4AAC-A17E-37D992E86FC7}.Release|x64.ActiveCfg = Release|x64
		{7F0E780C-1709-4AAC-A17E-37D992E86FC7}.Release|x64.Build.0 = Release|x64
		{7F0E780C-1709-4AAC-A17E-37D992E86FC7}.Release|x86.ActiveCfg = Release|Win32
		{7F0E780C-1709-4AAC-A17E-37D992E86FC7}.Release|x86.Build.0 = Release|Win32
		{D7C48931-472E-4E06-874A-F8D8584799FB}.Debug|x64.ActiveCfg = Debug|x64
		{D7C48931-472E-4E06-874A-F8D8584799FB}.Debug|x64.Build.0 = Debug|x64
		{D7C48931-472E-4E06-874A-F8D8584799FB}.Debug|x86.ActiveCfg = Debug|Win32
		{D7C48931-472E-4E06-874A-F8D8584799FB}.Debug|x86.Build.0 = Debug|Win32
		{D7C48931-472E-4E06-874A-F8D8584799FB}.Release|x64.ActiveCfg = Release|x64
		{D7C48931-472E-4E06-874A-F8D8584799FB}.Release|x64.Build.0 = Release|x64
		{D7C48931-472E-4E06-874A-F8D8584799FB}.Release|x86.ActiveCfg = Release|Win32
		{D7C48931-472E-4E06-874A-F8D8584799FB}.Release|x86.Build.0 = Release|Win32
		{E2ED36D9-EFE0-47B7-9337-4A0C14616FE6}.Debug|x64.ActiveCfg = Debug|x64
		{E2ED36D9-EFE0-47B7-9337-4A0C14616FE6}.Debug|x64.Build.0 = Debug|x64
		{E2ED36D9-EFE0-47B7-9337-4A0C14616FE6}.Debug|x86.ActiveCfg = Debug|Win32
		{E2ED36D9-EFE0-47B7-9337-4A0C14616FE6}.Debug|x86.Build.0 = Debug|Win32
		{E2ED36D9-EFE0-47B7-9337-4A0C14616FE6}.Release|x64.ActiveCfg = Release|x64
		{E2ED36D9-EFE0-47B7-9337-4A0C14616FE6}.Release|x64.Build.0 = Release|x64
		{E2ED36D9-EFE0-47B7-9337-4A0C14616FE6}.Release|x86.ActiveCfg = Release|Win32
		{E2ED36D9-EFE0-47B7-9337-4A0C14616FE6}.Release|x86.Build.0 = Release|Win32
	EndGlobalSection
	GlobalSection(SolutionProperties) = preSolution
		HideSolutionNode = FALSE
	EndGlobalSection
	GlobalSection(ExtensibilityGlobals) = postSolution
		SolutionGuid = {7CC241C6-E568-45A1-811F-6537D4ED1601}
	EndGlobalSection
EndGlobal
